{
  "nodes": {
    "flake-parts": {
      "inputs": {
        "nixpkgs": [
          "nixpkgs"
        ]
      },
      "locked": {
        "lastModified": 1663071030,
        "narHash": "sha256-vqdGU5iR2nKiSH6Z0bhNAwg/6szAicXaopv7lpMRNRg=",
        "owner": "hercules-ci",
        "repo": "flake-parts",
        "rev": "89cce5852d100df3d815c3c4a3fd39e55b3e1bfc",
        "type": "github"
      },
      "original": {
        "owner": "hercules-ci",
        "repo": "flake-parts",
        "type": "github"
      }
    },
    "nixpkgs": {
      "locked": {
        "lastModified": 1663357389,
        "narHash": "sha256-oYA2nVRSi6yhCBqS5Vz465Hw+3BQOVFEhfbfy//3vTs=",
        "owner": "NixOS",
        "repo": "nixpkgs",
        "rev": "da6a05816e7fa5226c3f61e285ef8d9dfc868f3c",
        "type": "github"
      },
      "original": {
        "owner": "NixOS",
        "ref": "nixos-unstable",
        "repo": "nixpkgs",
        "type": "github"
      }
    },
    "root": {
      "inputs": {
        "flake-parts": "flake-parts",
        "nixpkgs": "nixpkgs"
      }
    }
  },
  "root": "root",
  "version": 7
}
